PODS:
  - Nimble (5.1.1)
  - Quick (0.10.0)
  - TheFeedComponent (0.1.0)

DEPENDENCIES:
  - Nimble (~> 5.0)
  - Quick (~> 0.10)
  - TheFeedComponent (from `../`)

EXTERNAL SOURCES:
  TheFeedComponent:
    :path: "../"

SPEC CHECKSUMS:
  Nimble: 415e3aa3267e7bc2c96b05fa814ddea7bb686a29
  Quick: 5d290df1c69d5ee2f0729956dcf0fd9a30447eaa
  TheFeedComponent: e0323c02d45f5beb23445a2fcd6b43da247dfb54

PODFILE CHECKSUM: 98158643b5088bce3d2625f8466405605922f75b

COCOAPODS: 1.1.1
